// !$*UTF8*$!
{
	archiveVersion = 1;
	classes = {
	};
	objectVersion = 56;
	objects = {

/* Begin PBXBuildFile section */
		FA06873C2C1840390080EE1D /* Product.swift in Sources */ = {isa = PBXBuildFile; fileRef = FA06873B2C1840390080EE1D /* Product.swift */; };
		FA086F302C17C29D00CA377B /* LabelClassifier.mlmodel in Sources */ = {isa = PBXBuildFile; fileRef = FA086F2F2C17C29D00CA377B /* LabelClassifier.mlmodel */; };
		FAAF04032C0DB1BD007E001D /* AppDelegate.swift in Sources */ = {isa = PBXBuildFile; fileRef = FAAF04022C0DB1BD007E001D /* AppDelegate.swift */; };
		FAAF04052C0DB1BD007E001D /* SceneDelegate.swift in Sources */ = {isa = PBXBuildFile; fileRef = FAAF04042C0DB1BD007E001D /* SceneDelegate.swift */; };
		FAAF04072C0DB1BD007E001D /* ViewController.swift in Sources */ = {isa = PBXBuildFile; fileRef = FAAF04062C0DB1BD007E001D /* ViewController.swift */; };
		FAAF040A2C0DB1BD007E001D /* Main.storyboard in Resources */ = {isa = PBXBuildFile; fileRef = FAAF04082C0DB1BD007E001D /* Main.storyboard */; };
		FAAF040D2C0DB1BD007E001D /* EZCart.xcdatamodeld in Sources */ = {isa = PBXBuildFile; fileRef = FAAF040B2C0DB1BD007E001D /* EZCart.xcdatamodeld */; };
		FAAF040F2C0DB1C0007E001D /* Assets.xcassets in Resources */ = {isa = PBXBuildFile; fileRef = FAAF040E2C0DB1C0007E001D /* Assets.xcassets */; };
		FAAF04122C0DB1C0007E001D /* LaunchScreen.storyboard in Resources */ = {isa = PBXBuildFile; fileRef = FAAF04102C0DB1C0007E001D /* LaunchScreen.storyboard */; };
/* End PBXBuildFile section */

/* Begin PBXFileReference section */
		FA06873B2C1840390080EE1D /* Product.swift */ = {isa = PBXFileReference; lastKnownFileType = sourcecode.swift; path = Product.swift; sourceTree = "<group>"; };
		FA086F2F2C17C29D00CA377B /* LabelClassifier.mlmodel */ = {isa = PBXFileReference; lastKnownFileType = file.mlmodel; path = LabelClassifier.mlmodel; sourceTree = "<group>"; };
		FAAF03FF2C0DB1BD007E001D /* EZCart.app */ = {isa = PBXFileReference; explicitFileType = wrapper.application; includeInIndex = 0; path = EZCart.app; sourceTree = BUILT_PRODUCTS_DIR; };
		FAAF04022C0DB1BD007E001D /* AppDelegate.swift */ = {isa = PBXFileReference; lastKnownFileType = sourcecode.swift; path = AppDelegate.swift; sourceTree = "<group>"; };
		FAAF04042C0DB1BD007E001D /* SceneDelegate.swift */ = {isa = PBXFileReference; lastKnownFileType = sourcecode.swift; path = SceneDelegate.swift; sourceTree = "<group>"; };
		FAAF04062C0DB1BD007E001D /* ViewController.swift */ = {isa = PBXFileReference; lastKnownFileType = sourcecode.swift; path = ViewController.swift; sourceTree = "<group>"; };
		FAAF04092C0DB1BD007E001D /* Base */ = {isa = PBXFileReference; lastKnownFileType = file.storyboard; name = Base; path = Base.lproj/Main.storyboard; sourceTree = "<group>"; };
		FAAF040C2C0DB1BD007E001D /* EZCart.xcdatamodel */ = {isa = PBXFileReference; lastKnownFileType = wrapper.xcdatamodel; path = EZCart.xcdatamodel; sourceTree = "<group>"; };
		FAAF040E2C0DB1C0007E001D /* Assets.xcassets */ = {isa = PBXFileReference; lastKnownFileType = folder.assetcatalog; path = Assets.xcassets; sourceTree = "<group>"; };
		FAAF04112C0DB1C0007E001D /* Base */ = {isa = PBXFileReference; lastKnownFileType = file.storyboard; name = Base; path = Base.lproj/LaunchScreen.storyboard; sourceTree = "<group>"; };
		FAAF04132C0DB1C0007E001D /* Info.plist */ = {isa = PBXFileReference; lastKnownFileType = text.plist.xml; path = Info.plist; sourceTree = "<group>"; };
/* End PBXFileReference section */

/* Begin PBXFrameworksBuildPhase section */
		FAAF03FC2C0DB1BD007E001D /* Frameworks */ = {
			isa = PBXFrameworksBuildPhase;
			buildActionMask = 2147483647;
			files = (
			);
			runOnlyForDeploymentPostprocessing = 0;
		};
/* End PBXFrameworksBuildPhase section */

/* Begin PBXGroup section */
		FAAF03F62C0DB1BD007E001D = {
			isa = PBXGroup;
			children = (
				FAAF04012C0DB1BD007E001D /* EZCart */,
				FAAF04002C0DB1BD007E001D /* Products */,
			);
			sourceTree = "<group>";
		};
		FAAF04002C0DB1BD007E001D /* Products */ = {
			isa = PBXGroup;
			children = (
				FAAF03FF2C0DB1BD007E001D /* EZCart.app */,
			);
			name = Products;
			sourceTree = "<group>";
		};
		FAAF04012C0DB1BD007E001D /* EZCart */ = {
			isa = PBXGroup;
			children = (
				FAAF04022C0DB1BD007E001D /* AppDelegate.swift */,
				FAAF04042C0DB1BD007E001D /* SceneDelegate.swift */,
				FAAF041B2C0DB309007E001D /* Model */,
				FAAF04192C0DB2E2007E001D /* View */,
				FAAF041A2C0DB2F8007E001D /* Controller */,
				FAAF040E2C0DB1C0007E001D /* Assets.xcassets */,
				FAAF04132C0DB1C0007E001D /* Info.plist */,
				FAAF040B2C0DB1BD007E001D /* EZCart.xcdatamodeld */,
				FA086F2F2C17C29D00CA377B /* LabelClassifier.mlmodel */,
			);
			path = EZCart;
			sourceTree = "<group>";
		};
		FAAF04192C0DB2E2007E001D /* View */ = {
			isa = PBXGroup;
			children = (
				FAAF04102C0DB1C0007E001D /* LaunchScreen.storyboard */,
				FAAF04082C0DB1BD007E001D /* Main.storyboard */,
			);
			path = View;
			sourceTree = "<group>";
		};
		FAAF041A2C0DB2F8007E001D /* Controller */ = {
			isa = PBXGroup;
			children = (
				FAAF04062C0DB1BD007E001D /* ViewController.swift */,
			);
			path = Controller;
			sourceTree = "<group>";
		};
		FAAF041B2C0DB309007E001D /* Model */ = {
			isa = PBXGroup;
			children = (
				FA06873B2C1840390080EE1D /* Product.swift */,
			);
			path = Model;
			sourceTree = "<group>";
		};
/* End PBXGroup section */

/* Begin PBXNativeTarget section */
		FAAF03FE2C0DB1BD007E001D /* EZCart */ = {
			isa = PBXNativeTarget;
			buildConfigurationList = FAAF04162C0DB1C0007E001D /* Build configuration list for PBXNativeTarget "EZCart" */;
			buildPhases = (
				FAAF03FB2C0DB1BD007E001D /* Sources */,
				FAAF03FC2C0DB1BD007E001D /* Frameworks */,
				FAAF03FD2C0DB1BD007E001D /* Resources */,
			);
			buildRules = (
			);
			dependencies = (
			);
			name = EZCart;
			productName = EZCart;
			productReference = FAAF03FF2C0DB1BD007E001D /* EZCart.app */;
			productType = "com.apple.product-type.application";
		};
/* End PBXNativeTarget section */

/* Begin PBXProject section */
		FAAF03F72C0DB1BD007E001D /* Project object */ = {
			isa = PBXProject;
			attributes = {
				BuildIndependentTargetsInParallel = 1;
				LastSwiftUpdateCheck = 1520;
				LastUpgradeCheck = 1520;
				TargetAttributes = {
					FAAF03FE2C0DB1BD007E001D = {
						CreatedOnToolsVersion = 15.2;
					};
				};
			};
			buildConfigurationList = FAAF03FA2C0DB1BD007E001D /* Build configuration list for PBXProject "EZCart" */;
			compatibilityVersion = "Xcode 14.0";
			developmentRegion = en;
			hasScannedForEncodings = 0;
			knownRegions = (
				en,
				Base,
			);
			mainGroup = FAAF03F62C0DB1BD007E001D;
			productRefGroup = FAAF04002C0DB1BD007E001D /* Products */;
			projectDirPath = "";
			projectRoot = "";
			targets = (
				FAAF03FE2C0DB1BD007E001D /* EZCart */,
			);
		};
/* End PBXProject section */

/* Begin PBXResourcesBuildPhase section */
		FAAF03FD2C0DB1BD007E001D /* Resources */ = {
			isa = PBXResourcesBuildPhase;
			buildActionMask = 2147483647;
			files = (
				FAAF04122C0DB1C0007E001D /* LaunchScreen.storyboard in Resources */,
				FAAF040F2C0DB1C0007E001D /* Assets.xcassets in Resources */,
				FAAF040A2C0DB1BD007E001D /* Main.storyboard in Resources */,
			);
			runOnlyForDeploymentPostprocessing = 0;
		};
/* End PBXResourcesBuildPhase section */

/* Begin PBXSourcesBuildPhase section */
		FAAF03FB2C0DB1BD007E001D /* Sources */ = {
			isa = PBXSourcesBuildPhase;
			buildActionMask = 2147483647;
			files = (
				FAAF040D2C0DB1BD007E001D /* EZCart.xcdatamodeld in Sources */,
				FAAF04072C0DB1BD007E001D /* ViewController.swift in Sources */,
				FA086F302C17C29D00CA377B /* LabelClassifier.mlmodel in Sources */,
				FAAF04032C0DB1BD007E001D /* AppDelegate.swift in Sources */,
				FAAF04052C0DB1BD007E001D /* SceneDelegate.swift in Sources */,
				FA06873C2C1840390080EE1D /* Product.swift in Sources */,
			);
			runOnlyForDeploymentPostprocessing = 0;
		};
/* End PBXSourcesBuildPhase section */

/* Begin PBXVariantGroup section */
		FAAF04082C0DB1BD007E001D /* Main.storyboard */ = {
			isa = PBXVariantGroup;
			children = (
				FAAF04092C0DB1BD007E001D /* Base */,
			);
			name = Main.storyboard;
			sourceTree = "<group>";
		};
		FAAF04102C0DB1C0007E001D /* LaunchScreen.storyboard */ = {
			isa = PBXVariantGroup;
			children = (
				FAAF04112C0DB1C0007E001D /* Base */,
			);
			name = LaunchScreen.storyboard;
			sourceTree = "<group>";
		};
/* End PBXVariantGroup section */

/* Begin XCBuildConfiguration section */
		FAAF04142C0DB1C0007E001D /* Debug */ = {
			isa = XCBuildConfiguration;
			buildSettings = {
				ALWAYS_SEARCH_USER_PATHS = NO;
				ASSETCATALOG_COMPILER_GENERATE_SWIFT_ASSET_SYMBOL_EXTENSIONS = YES;
				CLANG_ANALYZER_NONNULL = YES;
				CLANG_ANALYZER_NUMBER_OBJECT_CONVERSION = YES_AGGRESSIVE;
				CLANG_CXX_LANGUAGE_STANDARD = "gnu++20";
				CLANG_ENABLE_MODULES = YES;
				CLANG_ENABLE_OBJC_ARC = YES;
				CLANG_ENABLE_OBJC_WEAK = YES;
				CLANG_WARN_BLOCK_CAPTURE_AUTORELEASING = YES;
				CLANG_WARN_BOOL_CONVERSION = YES;
				CLANG_WARN_COMMA = YES;
				CLANG_WARN_CONSTANT_CONVERSION = YES;
				CLANG_WARN_DEPRECATED_OBJC_IMPLEMENTATIONS = YES;
				CLANG_WARN_DIRECT_OBJC_ISA_USAGE = YES_ERROR;
				CLANG_WARN_DOCUMENTATION_COMMENTS = YES;
				CLANG_WARN_EMPTY_BODY = YES;
				CLANG_WARN_ENUM_CONVERSION = YES;
				CLANG_WARN_INFINITE_RECURSION = YES;
				CLANG_WARN_INT_CONVERSION = YES;
				CLANG_WARN_NON_LITERAL_NULL_CONVERSION = YES;
				CLANG_WARN_OBJC_IMPLICIT_RETAIN_SELF = YES;
				CLANG_WARN_OBJC_LITERAL_CONVERSION = YES;
				CLANG_WARN_OBJC_ROOT_CLASS = YES_ERROR;
				CLANG_WARN_QUOTED_INCLUDE_IN_FRAMEWORK_HEADER = YES;
				CLANG_WARN_RANGE_LOOP_ANALYSIS = YES;
				CLANG_WARN_STRICT_PROTOTYPES = YES;
				CLANG_WARN_SUSPICIOUS_MOVE = YES;
				CLANG_WARN_UNGUARDED_AVAILABILITY = YES_AGGRESSIVE;
				CLANG_WARN_UNREACHABLE_CODE = YES;
				CLANG_WARN__DUPLICATE_METHOD_MATCH = YES;
				COPY_PHASE_STRIP = NO;
				DEBUG_INFORMATION_FORMAT = dwarf;
				ENABLE_STRICT_OBJC_MSGSEND = YES;
				ENABLE_TESTABILITY = YES;
				ENABLE_USER_SCRIPT_SANDBOXING = YES;
				GCC_C_LANGUAGE_STANDARD = gnu17;
				GCC_DYNAMIC_NO_PIC = NO;
				GCC_NO_COMMON_BLOCKS = YES;
				GCC_OPTIMIZATION_LEVEL = 0;
				GCC_PREPROCESSOR_DEFINITIONS = (
					"DEBUG=1",
					"$(inherited)",
				);
				GCC_WARN_64_TO_32_BIT_CONVERSION = YES;
				GCC_WARN_ABOUT_RETURN_TYPE = YES_ERROR;
				GCC_WARN_UNDECLARED_SELECTOR = YES;
				GCC_WARN_UNINITIALIZED_AUTOS = YES_AGGRESSIVE;
				GCC_WARN_UNUSED_FUNCTION = YES;
				GCC_WARN_UNUSED_VARIABLE = YES;
				IPHONEOS_DEPLOYMENT_TARGET = 17.2;
				LOCALIZATION_PREFERS_STRING_CATALOGS = YES;
				MTL_ENABLE_DEBUG_INFO = INCLUDE_SOURCE;
				MTL_FAST_MATH = YES;
				ONLY_ACTIVE_ARCH = YES;
				SDKROOT = iphoneos;
				SWIFT_ACTIVE_COMPILATION_CONDITIONS = "DEBUG $(inherited)";
				SWIFT_OPTIMIZATION_LEVEL = "-Onone";
			};
			name = Debug;
		};
		FAAF04152C0DB1C0007E001D /* Release */ = {
			isa = XCBuildConfiguration;
			buildSettings = {
				ALWAYS_SEARCH_USER_PATHS = NO;
				ASSETCATALOG_COMPILER_GENERATE_SWIFT_ASSET_SYMBOL_EXTENSIONS = YES;
				CLANG_ANALYZER_NONNULL = YES;
				CLANG_ANALYZER_NUMBER_OBJECT_CONVERSION = YES_AGGRESSIVE;
				CLANG_CXX_LANGUAGE_STANDARD = "gnu++20";
				CLANG_ENABLE_MODULES = YES;
				CLANG_ENABLE_OBJC_ARC = YES;
				CLANG_ENABLE_OBJC_WEAK = YES;
				CLANG_WARN_BLOCK_CAPTURE_AUTORELEASING = YES;
				CLANG_WARN_BOOL_CONVERSION = YES;
				CLANG_WARN_COMMA = YES;
				CLANG_WARN_CONSTANT_CONVERSION = YES;
				CLANG_WARN_DEPRECATED_OBJC_IMPLEMENTATIONS = YES;
				CLANG_WARN_DIRECT_OBJC_ISA_USAGE = YES_ERROR;
				CLANG_WARN_DOCUMENTATION_COMMENTS = YES;
				CLANG_WARN_EMPTY_BODY = YES;
				CLANG_WARN_ENUM_CONVERSION = YES;
				CLANG_WARN_INFINITE_RECURSION = YES;
				CLANG_WARN_INT_CONVERSION = YES;
				CLANG_WARN_NON_LITERAL_NULL_CONVERSION = YES;
				CLANG_WARN_OBJC_IMPLICIT_RETAIN_SELF = YES;
				CLANG_WARN_OBJC_LITERAL_CONVERSION = YES;
				CLANG_WARN_OBJC_ROOT_CLASS = YES_ERROR;
				CLANG_WARN_QUOTED_INCLUDE_IN_FRAMEWORK_HEADER = YES;
				CLANG_WARN_RANGE_LOOP_ANALYSIS = YES;
				CLANG_WARN_STRICT_PROTOTYPES = YES;
				CLANG_WARN_SUSPICIOUS_MOVE = YES;
				CLANG_WARN_UNGUARDED_AVAILABILITY = YES_AGGRESSIVE;
				CLANG_WARN_UNREACHABLE_CODE = YES;
				CLANG_WARN__DUPLICATE_METHOD_MATCH = YES;
				COPY_PHASE_STRIP = NO;
				DEBUG_INFORMATION_FORMAT = "dwarf-with-dsym";
				ENABLE_NS_ASSERTIONS = NO;
				ENABLE_STRICT_OBJC_MSGSEND = YES;
				ENABLE_USER_SCRIPT_SANDBOXING = YES;
				GCC_C_LANGUAGE_STANDARD = gnu17;
				GCC_NO_COMMON_BLOCKS = YES;
				GCC_WARN_64_TO_32_BIT_CONVERSION = YES;
				GCC_WARN_ABOUT_RETURN_TYPE = YES_ERROR;
				GCC_WARN_UNDECLARED_SELECTOR = YES;
				GCC_WARN_UNINITIALIZED_AUTOS = YES_AGGRESSIVE;
				GCC_WARN_UNUSED_FUNCTION = YES;
				GCC_WARN_UNUSED_VARIABLE = YES;
				IPHONEOS_DEPLOYMENT_TARGET = 17.2;
				LOCALIZATION_PREFERS_STRING_CATALOGS = YES;
				MTL_ENABLE_DEBUG_INFO = NO;
				MTL_FAST_MATH = YES;
				SDKROOT = iphoneos;
				SWIFT_COMPILATION_MODE = wholemodule;
				VALIDATE_PRODUCT = YES;
			};
			name = Release;
		};
		FAAF04172C0DB1C0007E001D /* Debug */ = {
			isa = XCBuildConfiguration;
			buildSettings = {
				ASSETCATALOG_COMPILER_APPICON_NAME = AppIcon;
				ASSETCATALOG_COMPILER_GLOBAL_ACCENT_COLOR_NAME = AccentColor;
				CODE_SIGN_STYLE = Automatic;
				CURRENT_PROJECT_VERSION = 1;
				DEVELOPMENT_TEAM = J3FY3MH5Q6;
				GENERATE_INFOPLIST_FILE = YES;
				INFOPLIST_FILE = EZCart/Info.plist;
				INFOPLIST_KEY_UIApplicationSupportsIndirectInputEvents = YES;
				INFOPLIST_KEY_UILaunchStoryboardName = LaunchScreen;
				INFOPLIST_KEY_UIMainStoryboardFile = Main;
				INFOPLIST_KEY_UISupportedInterfaceOrientations_iPad = "UIInterfaceOrientationPortrait UIInterfaceOrientationPortraitUpsideDown UIInterfaceOrientationLandscapeLeft UIInterfaceOrientationLandscapeRight";
				INFOPLIST_KEY_UISupportedInterfaceOrientations_iPhone = "UIInterfaceOrientationPortrait UIInterfaceOrientationLandscapeLeft UIInterfaceOrientationLandscapeRight";
				IPHONEOS_DEPLOYMENT_TARGET = 15.0;
				LD_RUNPATH_SEARCH_PATHS = (
					"$(inherited)",
					"@executable_path/Frameworks",
				);
				MARKETING_VERSION = 1.0;
				PRODUCT_BUNDLE_IDENTIFIER = com.dev.csuzarte.EZCart;
				PRODUCT_NAME = "$(TARGET_NAME)";
				SWIFT_EMIT_LOC_STRINGS = YES;
				SWIFT_VERSION = 5.0;
				TARGETED_DEVICE_FAMILY = "1,2";
			};
			name = Debug;
		};
		FAAF04182C0DB1C0007E001D /* Release */ = {
			isa = XCBuildConfiguration;
			buildSettings = {
				ASSETCATALOG_COMPILER_APPICON_NAME = AppIcon;
				ASSETCATALOG_COMPILER_GLOBAL_ACCENT_COLOR_NAME = AccentColor;
				CODE_SIGN_STYLE = Automatic;
				CURRENT_PROJECT_VERSION = 1;
				DEVELOPMENT_TEAM = J3FY3MH5Q6;
				GENERATE_INFOPLIST_FILE = YES;
				INFOPLIST_FILE = EZCart/Info.plist;
				INFOPLIST_KEY_UIApplicationSupportsIndirectInputEvents = YES;
				INFOPLIST_KEY_UILaunchStoryboardName = LaunchScreen;
				INFOPLIST_KEY_UIMainStoryboardFile = Main;
				INFOPLIST_KEY_UISupportedInterfaceOrientations_iPad = "UIInterfaceOrientationPortrait UIInterfaceOrientationPortraitUpsideDown UIInterfaceOrientationLandscapeLeft UIInterfaceOrientationLandscapeRight";
				INFOPLIST_KEY_UISupportedInterfaceOrientations_iPhone = "UIInterfaceOrientationPortrait UIInterfaceOrientationLandscapeLeft UIInterfaceOrientationLandscapeRight";
				IPHONEOS_DEPLOYMENT_TARGET = 15.0;
				LD_RUNPATH_SEARCH_PATHS = (
					"$(inherited)",
					"@executable_path/Frameworks",
				);
				MARKETING_VERSION = 1.0;
				PRODUCT_BUNDLE_IDENTIFIER = com.dev.csuzarte.EZCart;
				PRODUCT_NAME = "$(TARGET_NAME)";
				SWIFT_EMIT_LOC_STRINGS = YES;
				SWIFT_VERSION = 5.0;
				TARGETED_DEVICE_FAMILY = "1,2";
			};
			name = Release;
		};
/* End XCBuildConfiguration section */

/* Begin XCConfigurationList section */
		FAAF03FA2C0DB1BD007E001D /* Build configuration list for PBXProject "EZCart" */ = {
			isa = XCConfigurationList;
			buildConfigurations = (
				FAAF04142C0DB1C0007E001D /* Debug */,
				FAAF04152C0DB1C0007E001D /* Release */,
			);
			defaultConfigurationIsVisible = 0;
			defaultConfigurationName = Release;
		};
		FAAF04162C0DB1C0007E001D /* Build configuration list for PBXNativeTarget "EZCart" */ = {
			isa = XCConfigurationList;
			buildConfigurations = (
				FAAF04172C0DB1C0007E001D /* Debug */,
				FAAF04182C0DB1C0007E001D /* Release */,
			);
			defaultConfigurationIsVisible = 0;
			defaultConfigurationName = Release;
		};
/* End XCConfigurationList section */

/* Begin XCVersionGroup section */
		FAAF040B2C0DB1BD007E001D /* EZCart.xcdatamodeld */ = {
			isa = XCVersionGroup;
			children = (
				FAAF040C2C0DB1BD007E001D /* EZCart.xcdatamodel */,
			);
			currentVersion = FAAF040C2C0DB1BD007E001D /* EZCart.xcdatamodel */;
			path = EZCart.xcdatamodeld;
			sourceTree = "<group>";
			versionGroupType = wrapper.xcdatamodel;
		};
/* End XCVersionGroup section */
	};
	rootObject = FAAF03F72C0DB1BD007E001D /* Project object */;
}
